
Microsoft Visual Studio Solution File, Format Version 12.00
# Visual Studio 15
VisualStudioVersion = 15.0.28307.902
MinimumVisualStudioVersion = 10.0.40219.1
Project("{FAE04EC0-301F-11D3-BF4B-00C04F79EFBC}") = "Task1_Story", "Task1_Story\Task1_Story.csproj", "{1112744D-EABC-4D09-8039-909E50FFA83D}"
EndProject
Global
	GlobalSection(SolutionConfigurationPlatforms) = preSolution
		Debug|Any CPU = Debug|Any CPU
		Release|Any CPU = Release|Any CPU
	EndGlobalSection
	GlobalSection(ProjectConfigurationPlatforms) = postSolution
		{1112744D-EABC-4D09-8039-909E50FFA83D}.Debug|Any CPU.ActiveCfg = Debug|Any CPU
		{1112744D-EABC-4D09-8039-909E50FFA83D}.Debug|Any CPU.Build.0 = Debug|Any CPU
		{1112744D-EABC-4D09-8039-909E50FFA83D}.Release|Any CPU.ActiveCfg = Release|Any CPU
		{1112744D-EABC-4D09-8039-909E50FFA83D}.Release|Any CPU.Build.0 = Release|Any CPU
	EndGlobalSection
	GlobalSection(SolutionProperties) = preSolution
		HideSolutionNode = FALSE
	EndGlobalSection
	GlobalSection(ExtensibilityGlobals) = postSolution
		SolutionGuid = {C468413D-29AD-4EA0-A29E-9E42493B728E}
	EndGlobalSection
EndGlobal
